// !$*UTF8*$!
{
	archiveVersion = 1;
	classes = {
	};
	objectVersion = 46;
	objects = {

/* Begin PBXBuildFile section */
		522CB1091A1D20D900B0FC0B /* ChatContainerViewController.swift in Sources */ = {isa = PBXBuildFile; fileRef = 522CB1081A1D20D900B0FC0B /* ChatContainerViewController.swift */; };
		522CB10B1A1D88C000B0FC0B /* MessageTableViewController.swift in Sources */ = {isa = PBXBuildFile; fileRef = 522CB10A1A1D88C000B0FC0B /* MessageTableViewController.swift */; };
		522CB10D1A1D91A500B0FC0B /* Messages.swift in Sources */ = {isa = PBXBuildFile; fileRef = 522CB10C1A1D91A500B0FC0B /* Messages.swift */; };
		522CB10F1A1DB3B100B0FC0B /* MessageTableViewCell.swift in Sources */ = {isa = PBXBuildFile; fileRef = 522CB10E1A1DB3B100B0FC0B /* MessageTableViewCell.swift */; };
		524DC57F1A1A957F00B359C8 /* AppDelegate.swift in Sources */ = {isa = PBXBuildFile; fileRef = 524DC57E1A1A957F00B359C8 /* AppDelegate.swift */; };
		524DC5841A1A957F00B359C8 /* Main.storyboard in Resources */ = {isa = PBXBuildFile; fileRef = 524DC5821A1A957F00B359C8 /* Main.storyboard */; };
		524DC5861A1A957F00B359C8 /* Images.xcassets in Resources */ = {isa = PBXBuildFile; fileRef = 524DC5851A1A957F00B359C8 /* Images.xcassets */; };
		524DC5891A1A957F00B359C8 /* LaunchScreen.xib in Resources */ = {isa = PBXBuildFile; fileRef = 524DC5871A1A957F00B359C8 /* LaunchScreen.xib */; };
		524DC5951A1A958000B359C8 /* LanternTests.swift in Sources */ = {isa = PBXBuildFile; fileRef = 524DC5941A1A958000B359C8 /* LanternTests.swift */; };
		524DC5A11A1AA73600B359C8 /* LoginViewController.swift in Sources */ = {isa = PBXBuildFile; fileRef = 524DC5A01A1AA73600B359C8 /* LoginViewController.swift */; };
		524DC5A31A1AA85A00B359C8 /* AudioToolbox.framework in Frameworks */ = {isa = PBXBuildFile; fileRef = 524DC5A21A1AA85A00B359C8 /* AudioToolbox.framework */; };
		524DC5A51A1AA86200B359C8 /* CFNetwork.framework in Frameworks */ = {isa = PBXBuildFile; fileRef = 524DC5A41A1AA86200B359C8 /* CFNetwork.framework */; };
		524DC5A71A1AA86D00B359C8 /* CoreGraphics.framework in Frameworks */ = {isa = PBXBuildFile; fileRef = 524DC5A61A1AA86D00B359C8 /* CoreGraphics.framework */; };
		524DC5A91A1AA89400B359C8 /* CoreLocation.framework in Frameworks */ = {isa = PBXBuildFile; fileRef = 524DC5A81A1AA89400B359C8 /* CoreLocation.framework */; };
		524DC5AB1A1AA89D00B359C8 /* libz.dylib in Frameworks */ = {isa = PBXBuildFile; fileRef = 524DC5AA1A1AA89D00B359C8 /* libz.dylib */; };
		524DC5AD1A1AA8A800B359C8 /* MobileCoreServices.framework in Frameworks */ = {isa = PBXBuildFile; fileRef = 524DC5AC1A1AA8A800B359C8 /* MobileCoreServices.framework */; };
		524DC5AF1A1AA8B200B359C8 /* QuartzCore.framework in Frameworks */ = {isa = PBXBuildFile; fileRef = 524DC5AE1A1AA8B200B359C8 /* QuartzCore.framework */; };
		524DC5B11A1AA8BA00B359C8 /* Security.framework in Frameworks */ = {isa = PBXBuildFile; fileRef = 524DC5B01A1AA8BA00B359C8 /* Security.framework */; };
		524DC5B31A1AA8C000B359C8 /* StoreKit.framework in Frameworks */ = {isa = PBXBuildFile; fileRef = 524DC5B21A1AA8C000B359C8 /* StoreKit.framework */; };
		524DC5B51A1AA8CA00B359C8 /* SystemConfiguration.framework in Frameworks */ = {isa = PBXBuildFile; fileRef = 524DC5B41A1AA8CA00B359C8 /* SystemConfiguration.framework */; };
		524DC5BC1A1AB4C600B359C8 /* Bolts.framework in Frameworks */ = {isa = PBXBuildFile; fileRef = 524DC5BA1A1AB4C600B359C8 /* Bolts.framework */; };
		524DC5BD1A1AB4C600B359C8 /* Parse.framework in Frameworks */ = {isa = PBXBuildFile; fileRef = 524DC5BB1A1AB4C600B359C8 /* Parse.framework */; };
		524DC5BF1A1B042800B359C8 /* RegisterViewController.swift in Sources */ = {isa = PBXBuildFile; fileRef = 524DC5BE1A1B042800B359C8 /* RegisterViewController.swift */; };
		524DC5C61A1B14CC00B359C8 /* User.swift in Sources */ = {isa = PBXBuildFile; fileRef = 524DC5C51A1B14CC00B359C8 /* User.swift */; };
		52DE66931A1EB07B00A37753 /* PushNotificationHelper.swift in Sources */ = {isa = PBXBuildFile; fileRef = 52DE66921A1EB07B00A37753 /* PushNotificationHelper.swift */; };
		6DE8FDFFF31F9F05C734AE9F /* libPods.a in Frameworks */ = {isa = PBXBuildFile; fileRef = B86A648231773E9ACACB88AB /* libPods.a */; };
		8457C2D21A1BC538000E719E /* ObjC.storyboard in Resources */ = {isa = PBXBuildFile; fileRef = 8457C2D11A1BC538000E719E /* ObjC.storyboard */; };
		8457C2D51A1BC5C1000E719E /* OBJCCollectionViewController.m in Sources */ = {isa = PBXBuildFile; fileRef = 8457C2D41A1BC5C1000E719E /* OBJCCollectionViewController.m */; };
		8457C2D81A1BD309000E719E /* OBJCViewController.m in Sources */ = {isa = PBXBuildFile; fileRef = 8457C2D71A1BD309000E719E /* OBJCViewController.m */; };
		8457C2DB1A1BD31B000E719E /* OBJCCollectionViewCell.m in Sources */ = {isa = PBXBuildFile; fileRef = 8457C2DA1A1BD31B000E719E /* OBJCCollectionViewCell.m */; };
		8457C2DE1A1BDFBE000E719E /* FinderViewController.swift in Sources */ = {isa = PBXBuildFile; fileRef = 8457C2DD1A1BDFBE000E719E /* FinderViewController.swift */; };
		8457C2E01A1BE33C000E719E /* ChatViewController.swift in Sources */ = {isa = PBXBuildFile; fileRef = 8457C2DF1A1BE33C000E719E /* ChatViewController.swift */; };
		8457C2E21A1BF90B000E719E /* PeopleLayout.swift in Sources */ = {isa = PBXBuildFile; fileRef = 8457C2E11A1BF90B000E719E /* PeopleLayout.swift */; };
		8457C2E41A1EBA36000E719E /* MapKit.framework in Frameworks */ = {isa = PBXBuildFile; fileRef = 8457C2E31A1EBA36000E719E /* MapKit.framework */; };
		8490A2551A1AC2540043EF1E /* (null) in Sources */ = {isa = PBXBuildFile; };
		8490A2621A1AE3100043EF1E /* (null) in Sources */ = {isa = PBXBuildFile; };
		8490A2691A1B218B0043EF1E /* PersonCell.swift in Sources */ = {isa = PBXBuildFile; fileRef = 8490A2681A1B218B0043EF1E /* PersonCell.swift */; };
		8490A26B1A1B21AE0043EF1E /* AvailabilityViewController.swift in Sources */ = {isa = PBXBuildFile; fileRef = 8490A26A1A1B21AE0043EF1E /* AvailabilityViewController.swift */; };
/* End PBXBuildFile section */

/* Begin PBXContainerItemProxy section */
		524DC58F1A1A958000B359C8 /* PBXContainerItemProxy */ = {
			isa = PBXContainerItemProxy;
			containerPortal = 524DC5711A1A957F00B359C8 /* Project object */;
			proxyType = 1;
			remoteGlobalIDString = 524DC5781A1A957F00B359C8;
			remoteInfo = Lantern;
		};
/* End PBXContainerItemProxy section */

/* Begin PBXFileReference section */
		522CB1081A1D20D900B0FC0B /* ChatContainerViewController.swift */ = {isa = PBXFileReference; fileEncoding = 4; lastKnownFileType = sourcecode.swift; path = ChatContainerViewController.swift; sourceTree = "<group>"; };
		522CB10A1A1D88C000B0FC0B /* MessageTableViewController.swift */ = {isa = PBXFileReference; fileEncoding = 4; lastKnownFileType = sourcecode.swift; path = MessageTableViewController.swift; sourceTree = "<group>"; };
		522CB10C1A1D91A500B0FC0B /* Messages.swift */ = {isa = PBXFileReference; fileEncoding = 4; lastKnownFileType = sourcecode.swift; path = Messages.swift; sourceTree = "<group>"; };
		522CB10E1A1DB3B100B0FC0B /* MessageTableViewCell.swift */ = {isa = PBXFileReference; fileEncoding = 4; lastKnownFileType = sourcecode.swift; path = MessageTableViewCell.swift; sourceTree = "<group>"; };
		524DC5791A1A957F00B359C8 /* Lantern.app */ = {isa = PBXFileReference; explicitFileType = wrapper.application; includeInIndex = 0; path = Lantern.app; sourceTree = BUILT_PRODUCTS_DIR; };
		524DC57D1A1A957F00B359C8 /* Info.plist */ = {isa = PBXFileReference; lastKnownFileType = text.plist.xml; path = Info.plist; sourceTree = "<group>"; };
		524DC57E1A1A957F00B359C8 /* AppDelegate.swift */ = {isa = PBXFileReference; lastKnownFileType = sourcecode.swift; path = AppDelegate.swift; sourceTree = "<group>"; };
		524DC5831A1A957F00B359C8 /* Base */ = {isa = PBXFileReference; lastKnownFileType = file.storyboard; name = Base; path = Base.lproj/Main.storyboard; sourceTree = "<group>"; };
		524DC5851A1A957F00B359C8 /* Images.xcassets */ = {isa = PBXFileReference; lastKnownFileType = folder.assetcatalog; path = Images.xcassets; sourceTree = "<group>"; };
		524DC5881A1A957F00B359C8 /* Base */ = {isa = PBXFileReference; lastKnownFileType = file.xib; name = Base; path = Base.lproj/LaunchScreen.xib; sourceTree = "<group>"; };
		524DC58E1A1A958000B359C8 /* LanternTests.xctest */ = {isa = PBXFileReference; explicitFileType = wrapper.cfbundle; includeInIndex = 0; path = LanternTests.xctest; sourceTree = BUILT_PRODUCTS_DIR; };
		524DC5931A1A958000B359C8 /* Info.plist */ = {isa = PBXFileReference; lastKnownFileType = text.plist.xml; path = Info.plist; sourceTree = "<group>"; };
		524DC5941A1A958000B359C8 /* LanternTests.swift */ = {isa = PBXFileReference; lastKnownFileType = sourcecode.swift; path = LanternTests.swift; sourceTree = "<group>"; };
		524DC5A01A1AA73600B359C8 /* LoginViewController.swift */ = {isa = PBXFileReference; fileEncoding = 4; lastKnownFileType = sourcecode.swift; path = LoginViewController.swift; sourceTree = "<group>"; };
		524DC5A21A1AA85A00B359C8 /* AudioToolbox.framework */ = {isa = PBXFileReference; lastKnownFileType = wrapper.framework; name = AudioToolbox.framework; path = System/Library/Frameworks/AudioToolbox.framework; sourceTree = SDKROOT; };
		524DC5A41A1AA86200B359C8 /* CFNetwork.framework */ = {isa = PBXFileReference; lastKnownFileType = wrapper.framework; name = CFNetwork.framework; path = System/Library/Frameworks/CFNetwork.framework; sourceTree = SDKROOT; };
		524DC5A61A1AA86D00B359C8 /* CoreGraphics.framework */ = {isa = PBXFileReference; lastKnownFileType = wrapper.framework; name = CoreGraphics.framework; path = System/Library/Frameworks/CoreGraphics.framework; sourceTree = SDKROOT; };
		524DC5A81A1AA89400B359C8 /* CoreLocation.framework */ = {isa = PBXFileReference; lastKnownFileType = wrapper.framework; name = CoreLocation.framework; path = System/Library/Frameworks/CoreLocation.framework; sourceTree = SDKROOT; };
		524DC5AA1A1AA89D00B359C8 /* libz.dylib */ = {isa = PBXFileReference; lastKnownFileType = "compiled.mach-o.dylib"; name = libz.dylib; path = usr/lib/libz.dylib; sourceTree = SDKROOT; };
		524DC5AC1A1AA8A800B359C8 /* MobileCoreServices.framework */ = {isa = PBXFileReference; lastKnownFileType = wrapper.framework; name = MobileCoreServices.framework; path = System/Library/Frameworks/MobileCoreServices.framework; sourceTree = SDKROOT; };
		524DC5AE1A1AA8B200B359C8 /* QuartzCore.framework */ = {isa = PBXFileReference; lastKnownFileType = wrapper.framework; name = QuartzCore.framework; path = System/Library/Frameworks/QuartzCore.framework; sourceTree = SDKROOT; };
		524DC5B01A1AA8BA00B359C8 /* Security.framework */ = {isa = PBXFileReference; lastKnownFileType = wrapper.framework; name = Security.framework; path = System/Library/Frameworks/Security.framework; sourceTree = SDKROOT; };
		524DC5B21A1AA8C000B359C8 /* StoreKit.framework */ = {isa = PBXFileReference; lastKnownFileType = wrapper.framework; name = StoreKit.framework; path = System/Library/Frameworks/StoreKit.framework; sourceTree = SDKROOT; };
		524DC5B41A1AA8CA00B359C8 /* SystemConfiguration.framework */ = {isa = PBXFileReference; lastKnownFileType = wrapper.framework; name = SystemConfiguration.framework; path = System/Library/Frameworks/SystemConfiguration.framework; sourceTree = SDKROOT; };
		524DC5B61A1AA8DD00B359C8 /* Bolts.framework */ = {isa = PBXFileReference; lastKnownFileType = wrapper.framework; name = Bolts.framework; path = ../Swipr/Bolts.framework; sourceTree = "<group>"; };
		524DC5B71A1AA8DD00B359C8 /* Parse.framework */ = {isa = PBXFileReference; lastKnownFileType = wrapper.framework; name = Parse.framework; path = ../Swipr/Parse.framework; sourceTree = "<group>"; };
		524DC5BA1A1AB4C600B359C8 /* Bolts.framework */ = {isa = PBXFileReference; lastKnownFileType = wrapper.framework; path = Bolts.framework; sourceTree = "<group>"; };
		524DC5BB1A1AB4C600B359C8 /* Parse.framework */ = {isa = PBXFileReference; lastKnownFileType = wrapper.framework; path = Parse.framework; sourceTree = "<group>"; };
		524DC5BE1A1B042800B359C8 /* RegisterViewController.swift */ = {isa = PBXFileReference; fileEncoding = 4; lastKnownFileType = sourcecode.swift; path = RegisterViewController.swift; sourceTree = "<group>"; };
		524DC5C51A1B14CC00B359C8 /* User.swift */ = {isa = PBXFileReference; fileEncoding = 4; lastKnownFileType = sourcecode.swift; path = User.swift; sourceTree = "<group>"; };
		52DE66921A1EB07B00A37753 /* PushNotificationHelper.swift */ = {isa = PBXFileReference; fileEncoding = 4; lastKnownFileType = sourcecode.swift; path = PushNotificationHelper.swift; sourceTree = "<group>"; };
		8457C2D11A1BC538000E719E /* ObjC.storyboard */ = {isa = PBXFileReference; fileEncoding = 4; lastKnownFileType = file.storyboard; path = ObjC.storyboard; sourceTree = "<group>"; };
		8457C2D31A1BC5C1000E719E /* OBJCCollectionViewController.h */ = {isa = PBXFileReference; fileEncoding = 4; lastKnownFileType = sourcecode.c.h; path = OBJCCollectionViewController.h; sourceTree = "<group>"; };
		8457C2D41A1BC5C1000E719E /* OBJCCollectionViewController.m */ = {isa = PBXFileReference; fileEncoding = 4; lastKnownFileType = sourcecode.c.objc; path = OBJCCollectionViewController.m; sourceTree = "<group>"; };
		8457C2D61A1BD309000E719E /* OBJCViewController.h */ = {isa = PBXFileReference; fileEncoding = 4; lastKnownFileType = sourcecode.c.h; path = OBJCViewController.h; sourceTree = "<group>"; };
		8457C2D71A1BD309000E719E /* OBJCViewController.m */ = {isa = PBXFileReference; fileEncoding = 4; lastKnownFileType = sourcecode.c.objc; path = OBJCViewController.m; sourceTree = "<group>"; };
		8457C2D91A1BD31B000E719E /* OBJCCollectionViewCell.h */ = {isa = PBXFileReference; fileEncoding = 4; lastKnownFileType = sourcecode.c.h; path = OBJCCollectionViewCell.h; sourceTree = "<group>"; };
		8457C2DA1A1BD31B000E719E /* OBJCCollectionViewCell.m */ = {isa = PBXFileReference; fileEncoding = 4; lastKnownFileType = sourcecode.c.objc; path = OBJCCollectionViewCell.m; sourceTree = "<group>"; };
		8457C2DD1A1BDFBE000E719E /* FinderViewController.swift */ = {isa = PBXFileReference; fileEncoding = 4; lastKnownFileType = sourcecode.swift; path = FinderViewController.swift; sourceTree = "<group>"; };
		8457C2DF1A1BE33C000E719E /* ChatViewController.swift */ = {isa = PBXFileReference; fileEncoding = 4; lastKnownFileType = sourcecode.swift; path = ChatViewController.swift; sourceTree = "<group>"; };
		8457C2E11A1BF90B000E719E /* PeopleLayout.swift */ = {isa = PBXFileReference; fileEncoding = 4; lastKnownFileType = sourcecode.swift; path = PeopleLayout.swift; sourceTree = "<group>"; };
		8457C2E31A1EBA36000E719E /* MapKit.framework */ = {isa = PBXFileReference; lastKnownFileType = wrapper.framework; name = MapKit.framework; path = System/Library/Frameworks/MapKit.framework; sourceTree = SDKROOT; };
		8490A2681A1B218B0043EF1E /* PersonCell.swift */ = {isa = PBXFileReference; fileEncoding = 4; lastKnownFileType = sourcecode.swift; path = PersonCell.swift; sourceTree = "<group>"; };
		8490A26A1A1B21AE0043EF1E /* AvailabilityViewController.swift */ = {isa = PBXFileReference; fileEncoding = 4; lastKnownFileType = sourcecode.swift; path = AvailabilityViewController.swift; sourceTree = "<group>"; };
		953525A148D80D3F479B3069 /* Pods.debug.xcconfig */ = {isa = PBXFileReference; includeInIndex = 1; lastKnownFileType = text.xcconfig; name = Pods.debug.xcconfig; path = "Pods/Target Support Files/Pods/Pods.debug.xcconfig"; sourceTree = "<group>"; };
		AD2CF3F58CB022D23F4BA652 /* Pods.release.xcconfig */ = {isa = PBXFileReference; includeInIndex = 1; lastKnownFileType = text.xcconfig; name = Pods.release.xcconfig; path = "Pods/Target Support Files/Pods/Pods.release.xcconfig"; sourceTree = "<group>"; };
		B86A648231773E9ACACB88AB /* libPods.a */ = {isa = PBXFileReference; explicitFileType = archive.ar; includeInIndex = 0; path = libPods.a; sourceTree = BUILT_PRODUCTS_DIR; };
/* End PBXFileReference section */

/* Begin PBXFrameworksBuildPhase section */
		524DC5761A1A957F00B359C8 /* Frameworks */ = {
			isa = PBXFrameworksBuildPhase;
			buildActionMask = 2147483647;
			files = (
				524DC5A91A1AA89400B359C8 /* CoreLocation.framework in Frameworks */,
				524DC5BC1A1AB4C600B359C8 /* Bolts.framework in Frameworks */,
				524DC5BD1A1AB4C600B359C8 /* Parse.framework in Frameworks */,
				524DC5B51A1AA8CA00B359C8 /* SystemConfiguration.framework in Frameworks */,
				524DC5B31A1AA8C000B359C8 /* StoreKit.framework in Frameworks */,
				8457C2E41A1EBA36000E719E /* MapKit.framework in Frameworks */,
				524DC5B11A1AA8BA00B359C8 /* Security.framework in Frameworks */,
				524DC5AF1A1AA8B200B359C8 /* QuartzCore.framework in Frameworks */,
				524DC5AD1A1AA8A800B359C8 /* MobileCoreServices.framework in Frameworks */,
				524DC5AB1A1AA89D00B359C8 /* libz.dylib in Frameworks */,
				524DC5A71A1AA86D00B359C8 /* CoreGraphics.framework in Frameworks */,
				524DC5A51A1AA86200B359C8 /* CFNetwork.framework in Frameworks */,
				524DC5A31A1AA85A00B359C8 /* AudioToolbox.framework in Frameworks */,
				6DE8FDFFF31F9F05C734AE9F /* libPods.a in Frameworks */,
			);
			runOnlyForDeploymentPostprocessing = 0;
		};
		524DC58B1A1A958000B359C8 /* Frameworks */ = {
			isa = PBXFrameworksBuildPhase;
			buildActionMask = 2147483647;
			files = (
			);
			runOnlyForDeploymentPostprocessing = 0;
		};
/* End PBXFrameworksBuildPhase section */

/* Begin PBXGroup section */
		524DC5701A1A957F00B359C8 = {
			isa = PBXGroup;
			children = (
				524DC57B1A1A957F00B359C8 /* Lantern */,
				524DC5911A1A958000B359C8 /* LanternTests */,
				524DC57A1A1A957F00B359C8 /* Products */,
				C1E8EF947F4E50E4E141EF96 /* Pods */,
				C1EDD06D04163F32815D51E9 /* Frameworks */,
			);
			sourceTree = "<group>";
		};
		524DC57A1A1A957F00B359C8 /* Products */ = {
			isa = PBXGroup;
			children = (
				524DC5791A1A957F00B359C8 /* Lantern.app */,
				524DC58E1A1A958000B359C8 /* LanternTests.xctest */,
			);
			name = Products;
			sourceTree = "<group>";
		};
		524DC57B1A1A957F00B359C8 /* Lantern */ = {
			isa = PBXGroup;
			children = (
				524DC5C41A1B088600B359C8 /* Model */,
				524DC5C01A1B04F800B359C8 /* Views */,
				524DC5C11A1B050100B359C8 /* Controllers */,
				52DE66921A1EB07B00A37753 /* PushNotificationHelper.swift */,
				8457C2DC1A1BD543000E719E /* OBJ-C testbed */,
				524DC5851A1A957F00B359C8 /* Images.xcassets */,
				524DC57C1A1A957F00B359C8 /* Supporting Files */,
			);
			path = Lantern;
			sourceTree = "<group>";
		};
		524DC57C1A1A957F00B359C8 /* Supporting Files */ = {
			isa = PBXGroup;
			children = (
				524DC57E1A1A957F00B359C8 /* AppDelegate.swift */,
				524DC57D1A1A957F00B359C8 /* Info.plist */,
			);
			name = "Supporting Files";
			sourceTree = "<group>";
		};
		524DC5911A1A958000B359C8 /* LanternTests */ = {
			isa = PBXGroup;
			children = (
				524DC5941A1A958000B359C8 /* LanternTests.swift */,
				524DC5921A1A958000B359C8 /* Supporting Files */,
			);
			path = LanternTests;
			sourceTree = "<group>";
		};
		524DC5921A1A958000B359C8 /* Supporting Files */ = {
			isa = PBXGroup;
			children = (
				524DC5931A1A958000B359C8 /* Info.plist */,
			);
			name = "Supporting Files";
			sourceTree = "<group>";
		};
		524DC5C01A1B04F800B359C8 /* Views */ = {
			isa = PBXGroup;
			children = (
				524DC5871A1A957F00B359C8 /* LaunchScreen.xib */,
				8490A2681A1B218B0043EF1E /* PersonCell.swift */,
				8457C2E11A1BF90B000E719E /* PeopleLayout.swift */,
				524DC5821A1A957F00B359C8 /* Main.storyboard */,
				522CB10E1A1DB3B100B0FC0B /* MessageTableViewCell.swift */,
			);
			name = Views;
			sourceTree = "<group>";
		};
		524DC5C11A1B050100B359C8 /* Controllers */ = {
			isa = PBXGroup;
			children = (
				524DC5A01A1AA73600B359C8 /* LoginViewController.swift */,
				524DC5BE1A1B042800B359C8 /* RegisterViewController.swift */,
				8490A26A1A1B21AE0043EF1E /* AvailabilityViewController.swift */,
				8457C2DD1A1BDFBE000E719E /* FinderViewController.swift */,
				8457C2DF1A1BE33C000E719E /* ChatViewController.swift */,
				522CB1081A1D20D900B0FC0B /* ChatContainerViewController.swift */,
				522CB10A1A1D88C000B0FC0B /* MessageTableViewController.swift */,
			);
			name = Controllers;
			sourceTree = "<group>";
		};
		524DC5C41A1B088600B359C8 /* Model */ = {
			isa = PBXGroup;
			children = (
				524DC5C51A1B14CC00B359C8 /* User.swift */,
				522CB10C1A1D91A500B0FC0B /* Messages.swift */,
			);
			name = Model;
			sourceTree = "<group>";
		};
		8457C2DC1A1BD543000E719E /* OBJ-C testbed */ = {
			isa = PBXGroup;
			children = (
				8457C2D11A1BC538000E719E /* ObjC.storyboard */,
				8457C2D61A1BD309000E719E /* OBJCViewController.h */,
				8457C2D71A1BD309000E719E /* OBJCViewController.m */,
				8457C2D91A1BD31B000E719E /* OBJCCollectionViewCell.h */,
				8457C2DA1A1BD31B000E719E /* OBJCCollectionViewCell.m */,
				8457C2D31A1BC5C1000E719E /* OBJCCollectionViewController.h */,
				8457C2D41A1BC5C1000E719E /* OBJCCollectionViewController.m */,
			);
			name = "OBJ-C testbed";
			sourceTree = "<group>";
		};
		C1E8EF947F4E50E4E141EF96 /* Pods */ = {
			isa = PBXGroup;
			children = (
				953525A148D80D3F479B3069 /* Pods.debug.xcconfig */,
				AD2CF3F58CB022D23F4BA652 /* Pods.release.xcconfig */,
			);
			name = Pods;
			sourceTree = "<group>";
		};
		C1EDD06D04163F32815D51E9 /* Frameworks */ = {
			isa = PBXGroup;
			children = (
				8457C2E31A1EBA36000E719E /* MapKit.framework */,
				524DC5BA1A1AB4C600B359C8 /* Bolts.framework */,
				524DC5BB1A1AB4C600B359C8 /* Parse.framework */,
				524DC5B61A1AA8DD00B359C8 /* Bolts.framework */,
				524DC5B71A1AA8DD00B359C8 /* Parse.framework */,
				524DC5B41A1AA8CA00B359C8 /* SystemConfiguration.framework */,
				524DC5B21A1AA8C000B359C8 /* StoreKit.framework */,
				524DC5B01A1AA8BA00B359C8 /* Security.framework */,
				524DC5AE1A1AA8B200B359C8 /* QuartzCore.framework */,
				524DC5AC1A1AA8A800B359C8 /* MobileCoreServices.framework */,
				524DC5AA1A1AA89D00B359C8 /* libz.dylib */,
				524DC5A81A1AA89400B359C8 /* CoreLocation.framework */,
				524DC5A61A1AA86D00B359C8 /* CoreGraphics.framework */,
				524DC5A41A1AA86200B359C8 /* CFNetwork.framework */,
				524DC5A21A1AA85A00B359C8 /* AudioToolbox.framework */,
				B86A648231773E9ACACB88AB /* libPods.a */,
			);
			name = Frameworks;
			sourceTree = "<group>";
		};
/* End PBXGroup section */

/* Begin PBXNativeTarget section */
		524DC5781A1A957F00B359C8 /* Lantern */ = {
			isa = PBXNativeTarget;
			buildConfigurationList = 524DC5981A1A958000B359C8 /* Build configuration list for PBXNativeTarget "Lantern" */;
			buildPhases = (
				FB21070EBEB6D123D1A94AF6 /* Check Pods Manifest.lock */,
				524DC5751A1A957F00B359C8 /* Sources */,
				524DC5761A1A957F00B359C8 /* Frameworks */,
				524DC5771A1A957F00B359C8 /* Resources */,
				6A4EFF27D4A6E6A92474B113 /* Copy Pods Resources */,
			);
			buildRules = (
			);
			dependencies = (
			);
			name = Lantern;
			productName = Lantern;
			productReference = 524DC5791A1A957F00B359C8 /* Lantern.app */;
			productType = "com.apple.product-type.application";
		};
		524DC58D1A1A958000B359C8 /* LanternTests */ = {
			isa = PBXNativeTarget;
			buildConfigurationList = 524DC59B1A1A958000B359C8 /* Build configuration list for PBXNativeTarget "LanternTests" */;
			buildPhases = (
				524DC58A1A1A958000B359C8 /* Sources */,
				524DC58B1A1A958000B359C8 /* Frameworks */,
				524DC58C1A1A958000B359C8 /* Resources */,
			);
			buildRules = (
			);
			dependencies = (
				524DC5901A1A958000B359C8 /* PBXTargetDependency */,
			);
			name = LanternTests;
			productName = LanternTests;
			productReference = 524DC58E1A1A958000B359C8 /* LanternTests.xctest */;
			productType = "com.apple.product-type.bundle.unit-test";
		};
/* End PBXNativeTarget section */

/* Begin PBXProject section */
		524DC5711A1A957F00B359C8 /* Project object */ = {
			isa = PBXProject;
			attributes = {
				LastUpgradeCheck = 0610;
				ORGANIZATIONNAME = "J & T";
				TargetAttributes = {
					524DC5781A1A957F00B359C8 = {
						CreatedOnToolsVersion = 6.1;
						SystemCapabilities = {
							com.apple.Maps.iOS = {
								enabled = 1;
							};
						};
					};
					524DC58D1A1A958000B359C8 = {
						CreatedOnToolsVersion = 6.1;
						DevelopmentTeam = 4QSJ36RDTB;
						TestTargetID = 524DC5781A1A957F00B359C8;
					};
				};
			};
			buildConfigurationList = 524DC5741A1A957F00B359C8 /* Build configuration list for PBXProject "Lantern" */;
			compatibilityVersion = "Xcode 3.2";
			developmentRegion = English;
			hasScannedForEncodings = 0;
			knownRegions = (
				en,
				Base,
			);
			mainGroup = 524DC5701A1A957F00B359C8;
			productRefGroup = 524DC57A1A1A957F00B359C8 /* Products */;
			projectDirPath = "";
			projectRoot = "";
			targets = (
				524DC5781A1A957F00B359C8 /* Lantern */,
				524DC58D1A1A958000B359C8 /* LanternTests */,
			);
		};
/* End PBXProject section */

/* Begin PBXResourcesBuildPhase section */
		524DC5771A1A957F00B359C8 /* Resources */ = {
			isa = PBXResourcesBuildPhase;
			buildActionMask = 2147483647;
			files = (
				8457C2D21A1BC538000E719E /* ObjC.storyboard in Resources */,
				524DC5841A1A957F00B359C8 /* Main.storyboard in Resources */,
				524DC5891A1A957F00B359C8 /* LaunchScreen.xib in Resources */,
				524DC5861A1A957F00B359C8 /* Images.xcassets in Resources */,
			);
			runOnlyForDeploymentPostprocessing = 0;
		};
		524DC58C1A1A958000B359C8 /* Resources */ = {
			isa = PBXResourcesBuildPhase;
			buildActionMask = 2147483647;
			files = (
			);
			runOnlyForDeploymentPostprocessing = 0;
		};
/* End PBXResourcesBuildPhase section */

/* Begin PBXShellScriptBuildPhase section */
		6A4EFF27D4A6E6A92474B113 /* Copy Pods Resources */ = {
			isa = PBXShellScriptBuildPhase;
			buildActionMask = 2147483647;
			files = (
			);
			inputPaths = (
			);
			name = "Copy Pods Resources";
			outputPaths = (
			);
			runOnlyForDeploymentPostprocessing = 0;
			shellPath = /bin/sh;
			shellScript = "\"${SRCROOT}/Pods/Target Support Files/Pods/Pods-resources.sh\"\n";
			showEnvVarsInLog = 0;
		};
		FB21070EBEB6D123D1A94AF6 /* Check Pods Manifest.lock */ = {
			isa = PBXShellScriptBuildPhase;
			buildActionMask = 2147483647;
			files = (
			);
			inputPaths = (
			);
			name = "Check Pods Manifest.lock";
			outputPaths = (
			);
			runOnlyForDeploymentPostprocessing = 0;
			shellPath = /bin/sh;
			shellScript = "diff \"${PODS_ROOT}/../Podfile.lock\" \"${PODS_ROOT}/Manifest.lock\" > /dev/null\nif [[ $? != 0 ]] ; then\n    cat << EOM\nerror: The sandbox is not in sync with the Podfile.lock. Run 'pod install' or update your CocoaPods installation.\nEOM\n    exit 1\nfi\n";
			showEnvVarsInLog = 0;
		};
/* End PBXShellScriptBuildPhase section */

/* Begin PBXSourcesBuildPhase section */
		524DC5751A1A957F00B359C8 /* Sources */ = {
			isa = PBXSourcesBuildPhase;
			buildActionMask = 2147483647;
			files = (
				524DC5C61A1B14CC00B359C8 /* User.swift in Sources */,
				524DC5BF1A1B042800B359C8 /* RegisterViewController.swift in Sources */,
				522CB1091A1D20D900B0FC0B /* ChatContainerViewController.swift in Sources */,
				8457C2D81A1BD309000E719E /* OBJCViewController.m in Sources */,
				8457C2DB1A1BD31B000E719E /* OBJCCollectionViewCell.m in Sources */,
				522CB10D1A1D91A500B0FC0B /* Messages.swift in Sources */,
				8457C2E21A1BF90B000E719E /* PeopleLayout.swift in Sources */,
				8457C2DE1A1BDFBE000E719E /* FinderViewController.swift in Sources */,
				52DE66931A1EB07B00A37753 /* PushNotificationHelper.swift in Sources */,
				8490A26B1A1B21AE0043EF1E /* AvailabilityViewController.swift in Sources */,
				524DC5A11A1AA73600B359C8 /* LoginViewController.swift in Sources */,
				524DC57F1A1A957F00B359C8 /* AppDelegate.swift in Sources */,
				522CB10F1A1DB3B100B0FC0B /* MessageTableViewCell.swift in Sources */,
				8490A2551A1AC2540043EF1E /* (null) in Sources */,
				8457C2E01A1BE33C000E719E /* ChatViewController.swift in Sources */,
				8490A2621A1AE3100043EF1E /* (null) in Sources */,
				8490A2691A1B218B0043EF1E /* PersonCell.swift in Sources */,
				522CB10B1A1D88C000B0FC0B /* MessageTableViewController.swift in Sources */,
				8457C2D51A1BC5C1000E719E /* OBJCCollectionViewController.m in Sources */,
			);
			runOnlyForDeploymentPostprocessing = 0;
		};
		524DC58A1A1A958000B359C8 /* Sources */ = {
			isa = PBXSourcesBuildPhase;
			buildActionMask = 2147483647;
			files = (
				524DC5951A1A958000B359C8 /* LanternTests.swift in Sources */,
			);
			runOnlyForDeploymentPostprocessing = 0;
		};
/* End PBXSourcesBuildPhase section */

/* Begin PBXTargetDependency section */
		524DC5901A1A958000B359C8 /* PBXTargetDependency */ = {
			isa = PBXTargetDependency;
			target = 524DC5781A1A957F00B359C8 /* Lantern */;
			targetProxy = 524DC58F1A1A958000B359C8 /* PBXContainerItemProxy */;
		};
/* End PBXTargetDependency section */

/* Begin PBXVariantGroup section */
		524DC5821A1A957F00B359C8 /* Main.storyboard */ = {
			isa = PBXVariantGroup;
			children = (
				524DC5831A1A957F00B359C8 /* Base */,
			);
			name = Main.storyboard;
			sourceTree = "<group>";
		};
		524DC5871A1A957F00B359C8 /* LaunchScreen.xib */ = {
			isa = PBXVariantGroup;
			children = (
				524DC5881A1A957F00B359C8 /* Base */,
			);
			name = LaunchScreen.xib;
			sourceTree = "<group>";
		};
/* End PBXVariantGroup section */

/* Begin XCBuildConfiguration section */
		524DC5961A1A958000B359C8 /* Debug */ = {
			isa = XCBuildConfiguration;
			buildSettings = {
				ALWAYS_SEARCH_USER_PATHS = NO;
				CLANG_CXX_LANGUAGE_STANDARD = "gnu++0x";
				CLANG_CXX_LIBRARY = "libc++";
				CLANG_ENABLE_MODULES = YES;
				CLANG_ENABLE_OBJC_ARC = YES;
				CLANG_WARN_BOOL_CONVERSION = YES;
				CLANG_WARN_CONSTANT_CONVERSION = YES;
				CLANG_WARN_DIRECT_OBJC_ISA_USAGE = YES_ERROR;
				CLANG_WARN_EMPTY_BODY = YES;
				CLANG_WARN_ENUM_CONVERSION = YES;
				CLANG_WARN_INT_CONVERSION = YES;
				CLANG_WARN_OBJC_ROOT_CLASS = YES_ERROR;
				CLANG_WARN_UNREACHABLE_CODE = YES;
				CLANG_WARN__DUPLICATE_METHOD_MATCH = YES;
				CODE_SIGN_IDENTITY = "iPhone Developer: Jacob Cho (VL24PDHK88)";
				"CODE_SIGN_IDENTITY[sdk=iphoneos*]" = "iPhone Developer: Jacob Cho (VL24PDHK88)";
				COPY_PHASE_STRIP = NO;
				ENABLE_STRICT_OBJC_MSGSEND = YES;
				GCC_C_LANGUAGE_STANDARD = gnu99;
				GCC_DYNAMIC_NO_PIC = NO;
				GCC_OPTIMIZATION_LEVEL = 0;
				GCC_PREPROCESSOR_DEFINITIONS = (
					"DEBUG=1",
					"$(inherited)",
				);
				GCC_SYMBOLS_PRIVATE_EXTERN = NO;
				GCC_WARN_64_TO_32_BIT_CONVERSION = YES;
				GCC_WARN_ABOUT_RETURN_TYPE = YES_ERROR;
				GCC_WARN_UNDECLARED_SELECTOR = YES;
				GCC_WARN_UNINITIALIZED_AUTOS = YES_AGGRESSIVE;
				GCC_WARN_UNUSED_FUNCTION = YES;
				GCC_WARN_UNUSED_VARIABLE = YES;
				IPHONEOS_DEPLOYMENT_TARGET = 8.1;
				MTL_ENABLE_DEBUG_INFO = YES;
				ONLY_ACTIVE_ARCH = YES;
				SDKROOT = iphoneos;
				SWIFT_OPTIMIZATION_LEVEL = "-Onone";
			};
			name = Debug;
		};
		524DC5971A1A958000B359C8 /* Release */ = {
			isa = XCBuildConfiguration;
			buildSettings = {
				ALWAYS_SEARCH_USER_PATHS = NO;
				CLANG_CXX_LANGUAGE_STANDARD = "gnu++0x";
				CLANG_CXX_LIBRARY = "libc++";
				CLANG_ENABLE_MODULES = YES;
				CLANG_ENABLE_OBJC_ARC = YES;
				CLANG_WARN_BOOL_CONVERSION = YES;
				CLANG_WARN_CONSTANT_CONVERSION = YES;
				CLANG_WARN_DIRECT_OBJC_ISA_USAGE = YES_ERROR;
				CLANG_WARN_EMPTY_BODY = YES;
				CLANG_WARN_ENUM_CONVERSION = YES;
				CLANG_WARN_INT_CONVERSION = YES;
				CLANG_WARN_OBJC_ROOT_CLASS = YES_ERROR;
				CLANG_WARN_UNREACHABLE_CODE = YES;
				CLANG_WARN__DUPLICATE_METHOD_MATCH = YES;
				CODE_SIGN_IDENTITY = "iPhone Developer: Jacob Cho (VL24PDHK88)";
				"CODE_SIGN_IDENTITY[sdk=iphoneos*]" = "iPhone Developer: Jacob Cho (VL24PDHK88)";
				COPY_PHASE_STRIP = YES;
				ENABLE_NS_ASSERTIONS = NO;
				ENABLE_STRICT_OBJC_MSGSEND = YES;
				GCC_C_LANGUAGE_STANDARD = gnu99;
				GCC_WARN_64_TO_32_BIT_CONVERSION = YES;
				GCC_WARN_ABOUT_RETURN_TYPE = YES_ERROR;
				GCC_WARN_UNDECLARED_SELECTOR = YES;
				GCC_WARN_UNINITIALIZED_AUTOS = YES_AGGRESSIVE;
				GCC_WARN_UNUSED_FUNCTION = YES;
				GCC_WARN_UNUSED_VARIABLE = YES;
				IPHONEOS_DEPLOYMENT_TARGET = 8.1;
				MTL_ENABLE_DEBUG_INFO = NO;
				SDKROOT = iphoneos;
				VALIDATE_PRODUCT = YES;
			};
			name = Release;
		};
		524DC5991A1A958000B359C8 /* Debug */ = {
			isa = XCBuildConfiguration;
			baseConfigurationReference = 953525A148D80D3F479B3069 /* Pods.debug.xcconfig */;
			buildSettings = {
				ASSETCATALOG_COMPILER_APPICON_NAME = AppIcon;
				CLANG_ENABLE_MODULES = YES;
				CODE_SIGN_IDENTITY = "iPhone Developer: Jacob Cho (VL24PDHK88)";
				"CODE_SIGN_IDENTITY[sdk=iphoneos*]" = "iPhone Developer: Jacob Cho (VL24PDHK88)";
				FRAMEWORK_SEARCH_PATHS = (
					"$(inherited)",
					/Users/test/Documents/Development/Swipr,
					"$(PROJECT_DIR)",
				);
				INFOPLIST_FILE = Lantern/Info.plist;
				LD_RUNPATH_SEARCH_PATHS = "$(inherited) @executable_path/Frameworks";
				PRODUCT_NAME = "$(TARGET_NAME)";
				PROVISIONING_PROFILE = "a25b1d8a-3b27-40c1-ac1c-8d6866d6765f";
				SWIFT_OBJC_BRIDGING_HEADER = "Lantern-Bridging-Header.h";
				SWIFT_OPTIMIZATION_LEVEL = "-Onone";
				TARGETED_DEVICE_FAMILY = "1,2";
			};
			name = Debug;
		};
		524DC59A1A1A958000B359C8 /* Release */ = {
			isa = XCBuildConfiguration;
			baseConfigurationReference = AD2CF3F58CB022D23F4BA652 /* Pods.release.xcconfig */;
			buildSettings = {
				ASSETCATALOG_COMPILER_APPICON_NAME = AppIcon;
				CLANG_ENABLE_MODULES = YES;
				CODE_SIGN_IDENTITY = "iPhone Developer: Jacob Cho (VL24PDHK88)";
				"CODE_SIGN_IDENTITY[sdk=iphoneos*]" = "iPhone Developer: Jacob Cho (VL24PDHK88)";
				FRAMEWORK_SEARCH_PATHS = (
					"$(inherited)",
					/Users/test/Documents/Development/Swipr,
					"$(PROJECT_DIR)",
				);
				INFOPLIST_FILE = Lantern/Info.plist;
				LD_RUNPATH_SEARCH_PATHS = "$(inherited) @executable_path/Frameworks";
				PRODUCT_NAME = "$(TARGET_NAME)";
				PROVISIONING_PROFILE = "a25b1d8a-3b27-40c1-ac1c-8d6866d6765f";
				SWIFT_OBJC_BRIDGING_HEADER = "Lantern-Bridging-Header.h";
				TARGETED_DEVICE_FAMILY = "1,2";
			};
			name = Release;
		};
		524DC59C1A1A958000B359C8 /* Debug */ = {
			isa = XCBuildConfiguration;
			buildSettings = {
				BUNDLE_LOADER = "$(TEST_HOST)";
				CODE_SIGN_IDENTITY = "iPhone Developer";
				"CODE_SIGN_IDENTITY[sdk=iphoneos*]" = "iPhone Developer";
				FRAMEWORK_SEARCH_PATHS = (
					"$(SDKROOT)/Developer/Library/Frameworks",
					"$(inherited)",
				);
				GCC_PREPROCESSOR_DEFINITIONS = (
					"DEBUG=1",
					"$(inherited)",
				);
				INFOPLIST_FILE = LanternTests/Info.plist;
				LD_RUNPATH_SEARCH_PATHS = "$(inherited) @executable_path/Frameworks @loader_path/Frameworks";
				PRODUCT_NAME = "$(TARGET_NAME)";
				PROVISIONING_PROFILE = "";
				TEST_HOST = "$(BUILT_PRODUCTS_DIR)/Lantern.app/Lantern";
			};
			name = Debug;
		};
		524DC59D1A1A958000B359C8 /* Release */ = {
			isa = XCBuildConfiguration;
			buildSettings = {
				BUNDLE_LOADER = "$(TEST_HOST)";
				CODE_SIGN_IDENTITY = "iPhone Developer";
				"CODE_SIGN_IDENTITY[sdk=iphoneos*]" = "iPhone Developer";
				FRAMEWORK_SEARCH_PATHS = (
					"$(SDKROOT)/Developer/Library/Frameworks",
					"$(inherited)",
				);
				INFOPLIST_FILE = LanternTests/Info.plist;
				LD_RUNPATH_SEARCH_PATHS = "$(inherited) @executable_path/Frameworks @loader_path/Frameworks";
				PRODUCT_NAME = "$(TARGET_NAME)";
				PROVISIONING_PROFILE = "";
				TEST_HOST = "$(BUILT_PRODUCTS_DIR)/Lantern.app/Lantern";
			};
			name = Release;
		};
/* End XCBuildConfiguration section */

/* Begin XCConfigurationList section */
		524DC5741A1A957F00B359C8 /* Build configuration list for PBXProject "Lantern" */ = {
			isa = XCConfigurationList;
			buildConfigurations = (
				524DC5961A1A958000B359C8 /* Debug */,
				524DC5971A1A958000B359C8 /* Release */,
			);
			defaultConfigurationIsVisible = 0;
			defaultConfigurationName = Release;
		};
		524DC5981A1A958000B359C8 /* Build configuration list for PBXNativeTarget "Lantern" */ = {
			isa = XCConfigurationList;
			buildConfigurations = (
				524DC5991A1A958000B359C8 /* Debug */,
				524DC59A1A1A958000B359C8 /* Release */,
			);
			defaultConfigurationIsVisible = 0;
			defaultConfigurationName = Release;
		};
		524DC59B1A1A958000B359C8 /* Build configuration list for PBXNativeTarget "LanternTests" */ = {
			isa = XCConfigurationList;
			buildConfigurations = (
				524DC59C1A1A958000B359C8 /* Debug */,
				524DC59D1A1A958000B359C8 /* Release */,
			);
			defaultConfigurationIsVisible = 0;
			defaultConfigurationName = Release;
		};
/* End XCConfigurationList section */
	};
	rootObject = 524DC5711A1A957F00B359C8 /* Project object */;
}
